
Microsoft Visual Studio Solution File, Format Version 12.00
# Visual Studio Version 17
VisualStudioVersion = 17.3.32708.82
MinimumVisualStudioVersion = 10.0.40219.1
Project("{9A19103F-16F7-4668-BE54-9A1E7A4F7556}") = "MMTAdmobSample", "SampleMMTAdmob\MMTAdmobSample.csproj", "{E932287B-7244-43DF-A443-FCEEBBA6D3A1}"
EndProject
Project("{9A19103F-16F7-4668-BE54-9A1E7A4F7556}") = "MMTAdmobSample7", "MMTAdmobSample7\MMTAdmobSample7.csproj", "{AB112955-F989-45EC-8C95-AD6DD6BD3F53}"
EndProject
Project("{FAE04EC0-301F-11D3-BF4B-00C04F79EFBC}") = "MTAdmobDroidSample", "MTAdmobDroidSample\MTAdmobDroidSample.csproj", "{1A1F7849-5331-4C52-9398-495CC7EA3855}"
EndProject
Global
	GlobalSection(SolutionConfigurationPlatforms) = preSolution
		Debug|Any CPU = Debug|Any CPU
		Release|Any CPU = Release|Any CPU
	EndGlobalSection
	GlobalSection(ProjectConfigurationPlatforms) = postSolution
		{E932287B-7244-43DF-A443-FCEEBBA6D3A1}.Debug|Any CPU.ActiveCfg = Debug|Any CPU
		{E932287B-7244-43DF-A443-FCEEBBA6D3A1}.Debug|Any CPU.Build.0 = Debug|Any CPU
		{E932287B-7244-43DF-A443-FCEEBBA6D3A1}.Debug|Any CPU.Deploy.0 = Debug|Any CPU
		{E932287B-7244-43DF-A443-FCEEBBA6D3A1}.Release|Any CPU.ActiveCfg = Release|Any CPU
		{E932287B-7244-43DF-A443-FCEEBBA6D3A1}.Release|Any CPU.Build.0 = Release|Any CPU
		{E932287B-7244-43DF-A443-FCEEBBA6D3A1}.Release|Any CPU.Deploy.0 = Release|Any CPU
		{AB112955-F989-45EC-8C95-AD6DD6BD3F53}.Debug|Any CPU.ActiveCfg = Debug|Any CPU
		{AB112955-F989-45EC-8C95-AD6DD6BD3F53}.Debug|Any CPU.Build.0 = Debug|Any CPU
		{AB112955-F989-45EC-8C95-AD6DD6BD3F53}.Debug|Any CPU.Deploy.0 = Debug|Any CPU
		{AB112955-F989-45EC-8C95-AD6DD6BD3F53}.Release|Any CPU.ActiveCfg = Release|Any CPU
		{AB112955-F989-45EC-8C95-AD6DD6BD3F53}.Release|Any CPU.Build.0 = Release|Any CPU
		{AB112955-F989-45EC-8C95-AD6DD6BD3F53}.Release|Any CPU.Deploy.0 = Release|Any CPU
		{1A1F7849-5331-4C52-9398-495CC7EA3855}.Debug|Any CPU.ActiveCfg = Debug|Any CPU
		{1A1F7849-5331-4C52-9398-495CC7EA3855}.Debug|Any CPU.Build.0 = Debug|Any CPU
		{1A1F7849-5331-4C52-9398-495CC7EA3855}.Release|Any CPU.ActiveCfg = Release|Any CPU
		{1A1F7849-5331-4C52-9398-495CC7EA3855}.Release|Any CPU.Build.0 = Release|Any CPU
	EndGlobalSection
	GlobalSection(SolutionProperties) = preSolution
		HideSolutionNode = FALSE
	EndGlobalSection
	GlobalSection(ExtensibilityGlobals) = postSolution
		SolutionGuid = {E9E553E3-526A-43DE-B058-308886960D56}
	EndGlobalSection
EndGlobal
