
Microsoft Visual Studio Solution File, Format Version 12.00
# Visual Studio Version 17
VisualStudioVersion = 17.3.32708.82
MinimumVisualStudioVersion = 10.0.40219.1
Project("{FAE04EC0-301F-11D3-BF4B-00C04F79EFBC}") = "MTAdmobDroidSample", "MTAdmobDroidSample\MTAdmobDroidSample.csproj", "{1A1F7849-5331-4C52-9398-495CC7EA3855}"
EndProject
Project("{FAE04EC0-301F-11D3-BF4B-00C04F79EFBC}") = "MMTAdmobS9", "MMTAdmobS9\MMTAdmobS9.csproj", "{9A190C15-E7C3-EE58-D753-B0C4BF40ADB1}"
EndProject
Project("{FAE04EC0-301F-11D3-BF4B-00C04F79EFBC}") = "MMTAdmobS8", "MMTAdmobS8\MMTAdmobS8.csproj", "{C84B0FB2-82DD-1A71-3DCC-A46E42A02E7A}"
EndProject
Global
	GlobalSection(SolutionConfigurationPlatforms) = preSolution
		Debug|Any CPU = Debug|Any CPU
		Release|Any CPU = Release|Any CPU
	EndGlobalSection
	GlobalSection(ProjectConfigurationPlatforms) = postSolution
		{1A1F7849-5331-4C52-9398-495CC7EA3855}.Debug|Any CPU.ActiveCfg = Debug|Any CPU
		{1A1F7849-5331-4C52-9398-495CC7EA3855}.Debug|Any CPU.Build.0 = Debug|Any CPU
		{1A1F7849-5331-4C52-9398-495CC7EA3855}.Debug|Any CPU.Deploy.0 = Debug|Any CPU
		{1A1F7849-5331-4C52-9398-495CC7EA3855}.Release|Any CPU.ActiveCfg = Release|Any CPU
		{1A1F7849-5331-4C52-9398-495CC7EA3855}.Release|Any CPU.Build.0 = Release|Any CPU
		{9A190C15-E7C3-EE58-D753-B0C4BF40ADB1}.Debug|Any CPU.ActiveCfg = Debug|Any CPU
		{9A190C15-E7C3-EE58-D753-B0C4BF40ADB1}.Debug|Any CPU.Build.0 = Debug|Any CPU
		{9A190C15-E7C3-EE58-D753-B0C4BF40ADB1}.Debug|Any CPU.Deploy.0 = Debug|Any CPU
		{9A190C15-E7C3-EE58-D753-B0C4BF40ADB1}.Release|Any CPU.ActiveCfg = Release|Any CPU
		{9A190C15-E7C3-EE58-D753-B0C4BF40ADB1}.Release|Any CPU.Build.0 = Release|Any CPU
		{C84B0FB2-82DD-1A71-3DCC-A46E42A02E7A}.Debug|Any CPU.ActiveCfg = Debug|Any CPU
		{C84B0FB2-82DD-1A71-3DCC-A46E42A02E7A}.Debug|Any CPU.Build.0 = Debug|Any CPU
		{C84B0FB2-82DD-1A71-3DCC-A46E42A02E7A}.Debug|Any CPU.Deploy.0 = Debug|Any CPU
		{C84B0FB2-82DD-1A71-3DCC-A46E42A02E7A}.Release|Any CPU.ActiveCfg = Release|Any CPU
		{C84B0FB2-82DD-1A71-3DCC-A46E42A02E7A}.Release|Any CPU.Build.0 = Release|Any CPU
		{C84B0FB2-82DD-1A71-3DCC-A46E42A02E7A}.Release|Any CPU.Deploy.0 = Release|Any CPU
	EndGlobalSection
	GlobalSection(SolutionProperties) = preSolution
		HideSolutionNode = FALSE
	EndGlobalSection
	GlobalSection(ExtensibilityGlobals) = postSolution
		SolutionGuid = {E9E553E3-526A-43DE-B058-308886960D56}
	EndGlobalSection
EndGlobal
